PODS:
  - ADCoordinator (1.0.2)
  - SwiftLint (0.39.1)

DEPENDENCIES:
  - ADCoordinator (from `../`)
  - SwiftLint (~> 0.39)

SPEC REPOS:
  trunk:
    - SwiftLint

EXTERNAL SOURCES:
  ADCoordinator:
    :path: "../"

SPEC CHECKSUMS:
  ADCoordinator: e8e093c032bffdd2a2a7ce4e71acd23b7c9b21c3
  SwiftLint: 55e96a4a4d537d4a3156859fc1c54bd24851a046

PODFILE CHECKSUM: 19c79d788c2661a1c97effe1e51ebc195f849213

COCOAPODS: 1.9.1
