PODS:
  - ADCoordinator (1.0.1)
  - SwiftLint (0.39.1)

DEPENDENCIES:
  - ADCoordinator (from `../`)
  - SwiftLint (~> 0.39)

SPEC REPOS:
  trunk:
    - SwiftLint

EXTERNAL SOURCES:
  ADCoordinator:
    :path: "../"

SPEC CHECKSUMS:
  ADCoordinator: 8c0703c303181554ef4f3f20c750651f0a97e219
  SwiftLint: 55e96a4a4d537d4a3156859fc1c54bd24851a046

PODFILE CHECKSUM: 19c79d788c2661a1c97effe1e51ebc195f849213

COCOAPODS: 1.9.1
